<Solution>
  <Folder Name="/Comunication/">
    <Project Path="Comunication/AccountComunicatrion/AccountComunication.csproj" />
    <Project Path="Comunication/BattleComunication/BattleComunication.csproj" />
    <Project Path="Comunication/LoadoutComunication/LoadoutComunication.csproj" />
  </Folder>
  <Project Path="BattleServer/BattleServer.csproj" Id="40449de6-c2c2-4261-ad28-66f549dc24b9" />
  <Project Path="DBWrapper/DBWrapper.csproj" Id="27d75fb2-5352-4ea0-b146-cbe904d113cf" />
  <Project Path="Matchmaking/Matchmaking.csproj" Id="60fa0866-ee7c-458b-a752-3cc9e9b8c0b0" />
  <Project Path="SharedServices/SharedServices.csproj" Id="d2807a66-2d65-4ff9-9c78-8acc711e6f7d" />
  <Project Path="SharedUtils/SharedUtils.csproj" />
  <Project Path="SimulationEngine/SimulationEngine.csproj" />
</Solution>
